{
  "name": "envia-recibos",
  "version": "1.0.0",
  "lockfileVersion": 3,
  "requires": true,
  "packages": {
    "": {
      "name": "envia-recibos",
      "version": "1.0.0",
      "license": "MIT",
      "dependencies": {
        "csv-parser": "^3.0.0",
        "dotenv": "^16.3.1",
        "nodemailer": "^6.9.5"
      }
    },
    "node_modules/csv-parser": {
      "version": "3.0.0",
      "license": "MIT",
      "dependencies": {
        "minimist": "^1.2.0"
      },
      "bin": {
        "csv-parser": "bin/csv-parser"
      },
      "engines": {
        "node": ">= 10"
      }
    },
    "node_modules/dotenv": {
      "version": "16.3.1",
      "license": "BSD-2-Clause",
      "engines": {
        "node": ">=12"
      },
      "funding": {
        "url": "https://github.com/motdotla/dotenv?sponsor=1"
      }
    },
    "node_modules/minimist": {
      "version": "1.2.8",
      "license": "MIT",
      "funding": {
        "url": "https://github.com/sponsors/ljharb"
      }
    },
    "node_modules/nodemailer": {
      "version": "6.9.5",
      "license": "MIT-0",
      "engines": {
        "node": ">=6.0.0"
      }
    }
  }
}
